
Microsoft Visual Studio Solution File, Format Version 12.00
# Visual Studio Version 16
VisualStudioVersion = 16.0.31729.503
MinimumVisualStudioVersion = 10.0.40219.1
Project("{8BC9CEB8-8B4A-11D0-8D11-00A0C91BC942}") = "individual work1", "individual work1\individual work1.vcxproj", "{E36EDBCD-6168-4EA5-B6C7-ED2C92CF1D6A}"
EndProject
Global
	GlobalSection(SolutionConfigurationPlatforms) = preSolution
		Debug|x64 = Debug|x64
		Debug|x86 = Debug|x86
		Release|x64 = Release|x64
		Release|x86 = Release|x86
	EndGlobalSection
	GlobalSection(ProjectConfigurationPlatforms) = postSolution
		{E36EDBCD-6168-4EA5-B6C7-ED2C92CF1D6A}.Debug|x64.ActiveCfg = Debug|x64
		{E36EDBCD-6168-4EA5-B6C7-ED2C92CF1D6A}.Debug|x64.Build.0 = Debug|x64
		{E36EDBCD-6168-4EA5-B6C7-ED2C92CF1D6A}.Debug|x86.ActiveCfg = Debug|Win32
		{E36EDBCD-6168-4EA5-B6C7-ED2C92CF1D6A}.Debug|x86.Build.0 = Debug|Win32
		{E36EDBCD-6168-4EA5-B6C7-ED2C92CF1D6A}.Release|x64.ActiveCfg = Release|x64
		{E36EDBCD-6168-4EA5-B6C7-ED2C92CF1D6A}.Release|x64.Build.0 = Release|x64
		{E36EDBCD-6168-4EA5-B6C7-ED2C92CF1D6A}.Release|x86.ActiveCfg = Release|Win32
		{E36EDBCD-6168-4EA5-B6C7-ED2C92CF1D6A}.Release|x86.Build.0 = Release|Win32
	EndGlobalSection
	GlobalSection(SolutionProperties) = preSolution
		HideSolutionNode = FALSE
	EndGlobalSection
	GlobalSection(ExtensibilityGlobals) = postSolution
		SolutionGuid = {6CBD33B2-5F16-4DF9-90C3-585D24CAFE70}
	EndGlobalSection
EndGlobal
